
Microsoft Visual Studio Solution File, Format Version 12.00
# Visual Studio Version 17
VisualStudioVersion = 17.6.33815.320
MinimumVisualStudioVersion = 10.0.40219.1
Project("{9A19103F-16F7-4668-BE54-9A1E7A4F7556}") = "data_scraper", "atea-01\data_scraper.csproj", "{C24C876A-9D08-4BC0-A0EE-FB6A6521BDEC}"
EndProject
Global
	GlobalSection(SolutionConfigurationPlatforms) = preSolution
		Debug|Any CPU = Debug|Any CPU
		Release|Any CPU = Release|Any CPU
	EndGlobalSection
	GlobalSection(ProjectConfigurationPlatforms) = postSolution
		{C24C876A-9D08-4BC0-A0EE-FB6A6521BDEC}.Debug|Any CPU.ActiveCfg = Debug|Any CPU
		{C24C876A-9D08-4BC0-A0EE-FB6A6521BDEC}.Debug|Any CPU.Build.0 = Debug|Any CPU
		{C24C876A-9D08-4BC0-A0EE-FB6A6521BDEC}.Release|Any CPU.ActiveCfg = Release|Any CPU
		{C24C876A-9D08-4BC0-A0EE-FB6A6521BDEC}.Release|Any CPU.Build.0 = Release|Any CPU
	EndGlobalSection
	GlobalSection(SolutionProperties) = preSolution
		HideSolutionNode = FALSE
	EndGlobalSection
	GlobalSection(ExtensibilityGlobals) = postSolution
		SolutionGuid = {0785704D-4259-4F26-A0E6-249AC8378B51}
	EndGlobalSection
EndGlobal
